
Microsoft Visual Studio Solution File, Format Version 12.00
# Visual Studio 15
VisualStudioVersion = 15.0.26228.4
MinimumVisualStudioVersion = 10.0.40219.1
Project("{FAE04EC0-301F-11D3-BF4B-00C04F79EFBC}") = "ServiceTest", "ServiceTest\ServiceTest.csproj", "{882C316F-210D-45E3-86FA-BCBB47CF3D3E}"
EndProject
Project("{FAE04EC0-301F-11D3-BF4B-00C04F79EFBC}") = "ServiceTest.Tests", "ServiceTest.Tests\ServiceTest.Tests.csproj", "{2A9AF7ED-C392-4F43-84B9-36A462C42D51}"
EndProject
Project("{F2A71F9B-5D33-465A-A702-920D77279786}") = "BusinessLogic", "BusinessLogic\BusinessLogic.fsproj", "{CA4A2ECC-809B-48C7-A801-7DA65E9B8EA3}"
EndProject
Global
	GlobalSection(SolutionConfigurationPlatforms) = preSolution
		Debug|Any CPU = Debug|Any CPU
		Release|Any CPU = Release|Any CPU
	EndGlobalSection
	GlobalSection(ProjectConfigurationPlatforms) = postSolution
		{882C316F-210D-45E3-86FA-BCBB47CF3D3E}.Debug|Any CPU.ActiveCfg = Debug|Any CPU
		{882C316F-210D-45E3-86FA-BCBB47CF3D3E}.Debug|Any CPU.Build.0 = Debug|Any CPU
		{882C316F-210D-45E3-86FA-BCBB47CF3D3E}.Release|Any CPU.ActiveCfg = Release|Any CPU
		{882C316F-210D-45E3-86FA-BCBB47CF3D3E}.Release|Any CPU.Build.0 = Release|Any CPU
		{2A9AF7ED-C392-4F43-84B9-36A462C42D51}.Debug|Any CPU.ActiveCfg = Debug|Any CPU
		{2A9AF7ED-C392-4F43-84B9-36A462C42D51}.Debug|Any CPU.Build.0 = Debug|Any CPU
		{2A9AF7ED-C392-4F43-84B9-36A462C42D51}.Release|Any CPU.ActiveCfg = Release|Any CPU
		{2A9AF7ED-C392-4F43-84B9-36A462C42D51}.Release|Any CPU.Build.0 = Release|Any CPU
		{CA4A2ECC-809B-48C7-A801-7DA65E9B8EA3}.Debug|Any CPU.ActiveCfg = Debug|Any CPU
		{CA4A2ECC-809B-48C7-A801-7DA65E9B8EA3}.Debug|Any CPU.Build.0 = Debug|Any CPU
		{CA4A2ECC-809B-48C7-A801-7DA65E9B8EA3}.Release|Any CPU.ActiveCfg = Release|Any CPU
		{CA4A2ECC-809B-48C7-A801-7DA65E9B8EA3}.Release|Any CPU.Build.0 = Release|Any CPU
	EndGlobalSection
	GlobalSection(SolutionProperties) = preSolution
		HideSolutionNode = FALSE
	EndGlobalSection
EndGlobal
